
Microsoft Visual Studio Solution File, Format Version 12.00
# Visual Studio Version 17
VisualStudioVersion = 17.0.31903.59
MinimumVisualStudioVersion = 10.0.40219.1
Project("{2150E333-8FDC-42A3-9474-1A3956D46DE8}") = "src", "src", "{546EA7EB-C8F3-43C5-9E1C-3350BCCBC799}"
EndProject
Project("{FAE04EC0-301F-11D3-BF4B-00C04F79EFBC}") = "OstConverter.Core", "src\OstConverter.Core\OstConverter.Core.csproj", "{0AF1854F-9F2E-405D-95C2-F3F42B57F69A}"
EndProject
Project("{FAE04EC0-301F-11D3-BF4B-00C04F79EFBC}") = "OstConverter.Cli", "src\OstConverter.Cli\OstConverter.Cli.csproj", "{E7888B34-B413-4398-B913-AE745331A998}"
EndProject
Project("{2150E333-8FDC-42A3-9474-1A3956D46DE8}") = "tests", "tests", "{084E4D3C-E4CE-4399-A673-2A613C549992}"
EndProject
Project("{FAE04EC0-301F-11D3-BF4B-00C04F79EFBC}") = "OstConverter.Tests", "tests\OstConverter.Tests\OstConverter.Tests.csproj", "{4452DEC3-380C-483C-837D-ED70D96C2907}"
EndProject
Global
	GlobalSection(SolutionConfigurationPlatforms) = preSolution
		Debug|Any CPU = Debug|Any CPU
		Release|Any CPU = Release|Any CPU
	EndGlobalSection
	GlobalSection(SolutionProperties) = preSolution
		HideSolutionNode = FALSE
	EndGlobalSection
	GlobalSection(ProjectConfigurationPlatforms) = postSolution
		{0AF1854F-9F2E-405D-95C2-F3F42B57F69A}.Debug|Any CPU.ActiveCfg = Debug|Any CPU
		{0AF1854F-9F2E-405D-95C2-F3F42B57F69A}.Debug|Any CPU.Build.0 = Debug|Any CPU
		{0AF1854F-9F2E-405D-95C2-F3F42B57F69A}.Release|Any CPU.ActiveCfg = Release|Any CPU
		{0AF1854F-9F2E-405D-95C2-F3F42B57F69A}.Release|Any CPU.Build.0 = Release|Any CPU
		{E7888B34-B413-4398-B913-AE745331A998}.Debug|Any CPU.ActiveCfg = Debug|Any CPU
		{E7888B34-B413-4398-B913-AE745331A998}.Debug|Any CPU.Build.0 = Debug|Any CPU
		{E7888B34-B413-4398-B913-AE745331A998}.Release|Any CPU.ActiveCfg = Release|Any CPU
		{E7888B34-B413-4398-B913-AE745331A998}.Release|Any CPU.Build.0 = Release|Any CPU
		{4452DEC3-380C-483C-837D-ED70D96C2907}.Debug|Any CPU.ActiveCfg = Debug|Any CPU
		{4452DEC3-380C-483C-837D-ED70D96C2907}.Debug|Any CPU.Build.0 = Debug|Any CPU
		{4452DEC3-380C-483C-837D-ED70D96C2907}.Release|Any CPU.ActiveCfg = Release|Any CPU
		{4452DEC3-380C-483C-837D-ED70D96C2907}.Release|Any CPU.Build.0 = Release|Any CPU
	EndGlobalSection
	GlobalSection(NestedProjects) = preSolution
		{0AF1854F-9F2E-405D-95C2-F3F42B57F69A} = {546EA7EB-C8F3-43C5-9E1C-3350BCCBC799}
		{E7888B34-B413-4398-B913-AE745331A998} = {546EA7EB-C8F3-43C5-9E1C-3350BCCBC799}
		{4452DEC3-380C-483C-837D-ED70D96C2907} = {084E4D3C-E4CE-4399-A673-2A613C549992}
	EndGlobalSection
EndGlobal
